// !$*UTF8*$!
{
	archiveVersion = 1;
	classes = {
	};
	objectVersion = 50;
	objects = {

/* Begin PBXBuildFile section */
		85530AF6236D3A2B0083016D /* Player.swift in Sources */ = {isa = PBXBuildFile; fileRef = 85530AF5236D3A2B0083016D /* Player.swift */; };
		85530AF8236D3A530083016D /* Utility.swift in Sources */ = {isa = PBXBuildFile; fileRef = 85530AF7236D3A530083016D /* Utility.swift */; };
		85CEEA1D236BB99500E9F0F7 /* AppDelegate.swift in Sources */ = {isa = PBXBuildFile; fileRef = 85CEEA1C236BB99500E9F0F7 /* AppDelegate.swift */; };
		85CEEA1F236BB99500E9F0F7 /* SceneDelegate.swift in Sources */ = {isa = PBXBuildFile; fileRef = 85CEEA1E236BB99500E9F0F7 /* SceneDelegate.swift */; };
		85CEEA21236BB99500E9F0F7 /* ContentView.swift in Sources */ = {isa = PBXBuildFile; fileRef = 85CEEA20236BB99500E9F0F7 /* ContentView.swift */; };
		85CEEA23236BB99600E9F0F7 /* Assets.xcassets in Resources */ = {isa = PBXBuildFile; fileRef = 85CEEA22236BB99600E9F0F7 /* Assets.xcassets */; };
		85CEEA26236BB99600E9F0F7 /* Preview Assets.xcassets in Resources */ = {isa = PBXBuildFile; fileRef = 85CEEA25236BB99600E9F0F7 /* Preview Assets.xcassets */; };
		85CEEA29236BB99600E9F0F7 /* LaunchScreen.storyboard in Resources */ = {isa = PBXBuildFile; fileRef = 85CEEA27236BB99600E9F0F7 /* LaunchScreen.storyboard */; };
		85CEEA41236BD19100E9F0F7 /* mamba.framework in Frameworks */ = {isa = PBXBuildFile; fileRef = 85CEEA40236BD19100E9F0F7 /* mamba.framework */; };
		85CEEA42236BD19100E9F0F7 /* mamba.framework in Embed Frameworks */ = {isa = PBXBuildFile; fileRef = 85CEEA40236BD19100E9F0F7 /* mamba.framework */; settings = {ATTRIBUTES = (CodeSignOnCopy, RemoveHeadersOnCopy, ); }; };
		85CEEA46236BD30700E9F0F7 /* HLSDownloader.swift in Sources */ = {isa = PBXBuildFile; fileRef = 85CEEA45236BD30700E9F0F7 /* HLSDownloader.swift */; };
		85CEEA4B236C1B2400E9F0F7 /* Tiercel.framework in Frameworks */ = {isa = PBXBuildFile; fileRef = 85CEEA4A236C1B2400E9F0F7 /* Tiercel.framework */; };
		85CEEA4C236C1B2400E9F0F7 /* Tiercel.framework in Embed Frameworks */ = {isa = PBXBuildFile; fileRef = 85CEEA4A236C1B2400E9F0F7 /* Tiercel.framework */; settings = {ATTRIBUTES = (CodeSignOnCopy, RemoveHeadersOnCopy, ); }; };
		85FC9130236D549200EABB51 /* GCDWebServers.framework in Frameworks */ = {isa = PBXBuildFile; fileRef = 85FC912F236D549200EABB51 /* GCDWebServers.framework */; };
		85FC9131236D549200EABB51 /* GCDWebServers.framework in Embed Frameworks */ = {isa = PBXBuildFile; fileRef = 85FC912F236D549200EABB51 /* GCDWebServers.framework */; settings = {ATTRIBUTES = (CodeSignOnCopy, RemoveHeadersOnCopy, ); }; };
/* End PBXBuildFile section */

/* Begin PBXCopyFilesBuildPhase section */
		85CEEA43236BD19100E9F0F7 /* Embed Frameworks */ = {
			isa = PBXCopyFilesBuildPhase;
			buildActionMask = 2147483647;
			dstPath = "";
			dstSubfolderSpec = 10;
			files = (
				85FC9131236D549200EABB51 /* GCDWebServers.framework in Embed Frameworks */,
				85CEEA42236BD19100E9F0F7 /* mamba.framework in Embed Frameworks */,
				85CEEA4C236C1B2400E9F0F7 /* Tiercel.framework in Embed Frameworks */,
			);
			name = "Embed Frameworks";
			runOnlyForDeploymentPostprocessing = 0;
		};
/* End PBXCopyFilesBuildPhase section */

/* Begin PBXFileReference section */
		85530AF5236D3A2B0083016D /* Player.swift */ = {isa = PBXFileReference; lastKnownFileType = sourcecode.swift; path = Player.swift; sourceTree = "<group>"; };
		85530AF7236D3A530083016D /* Utility.swift */ = {isa = PBXFileReference; fileEncoding = 4; lastKnownFileType = sourcecode.swift; path = Utility.swift; sourceTree = "<group>"; };
		85CEEA19236BB99500E9F0F7 /* hls-downloader.app */ = {isa = PBXFileReference; explicitFileType = wrapper.application; includeInIndex = 0; path = "hls-downloader.app"; sourceTree = BUILT_PRODUCTS_DIR; };
		85CEEA1C236BB99500E9F0F7 /* AppDelegate.swift */ = {isa = PBXFileReference; lastKnownFileType = sourcecode.swift; path = AppDelegate.swift; sourceTree = "<group>"; };
		85CEEA1E236BB99500E9F0F7 /* SceneDelegate.swift */ = {isa = PBXFileReference; lastKnownFileType = sourcecode.swift; path = SceneDelegate.swift; sourceTree = "<group>"; };
		85CEEA20236BB99500E9F0F7 /* ContentView.swift */ = {isa = PBXFileReference; lastKnownFileType = sourcecode.swift; path = ContentView.swift; sourceTree = "<group>"; };
		85CEEA22236BB99600E9F0F7 /* Assets.xcassets */ = {isa = PBXFileReference; lastKnownFileType = folder.assetcatalog; path = Assets.xcassets; sourceTree = "<group>"; };
		85CEEA25236BB99600E9F0F7 /* Preview Assets.xcassets */ = {isa = PBXFileReference; lastKnownFileType = folder.assetcatalog; path = "Preview Assets.xcassets"; sourceTree = "<group>"; };
		85CEEA28236BB99600E9F0F7 /* Base */ = {isa = PBXFileReference; lastKnownFileType = file.storyboard; name = Base; path = Base.lproj/LaunchScreen.storyboard; sourceTree = "<group>"; };
		85CEEA2A236BB99600E9F0F7 /* Info.plist */ = {isa = PBXFileReference; lastKnownFileType = text.plist.xml; path = Info.plist; sourceTree = "<group>"; };
		85CEEA40236BD19100E9F0F7 /* mamba.framework */ = {isa = PBXFileReference; lastKnownFileType = wrapper.framework; name = mamba.framework; path = Carthage/Build/iOS/mamba.framework; sourceTree = "<group>"; };
		85CEEA45236BD30700E9F0F7 /* HLSDownloader.swift */ = {isa = PBXFileReference; lastKnownFileType = sourcecode.swift; path = HLSDownloader.swift; sourceTree = "<group>"; };
		85CEEA4A236C1B2400E9F0F7 /* Tiercel.framework */ = {isa = PBXFileReference; lastKnownFileType = wrapper.framework; name = Tiercel.framework; path = Carthage/Build/iOS/Tiercel.framework; sourceTree = "<group>"; };
		85FC912F236D549200EABB51 /* GCDWebServers.framework */ = {isa = PBXFileReference; lastKnownFileType = wrapper.framework; name = GCDWebServers.framework; path = Carthage/Build/iOS/GCDWebServers.framework; sourceTree = "<group>"; };
/* End PBXFileReference section */

/* Begin PBXFrameworksBuildPhase section */
		85CEEA16236BB99500E9F0F7 /* Frameworks */ = {
			isa = PBXFrameworksBuildPhase;
			buildActionMask = 2147483647;
			files = (
				85FC9130236D549200EABB51 /* GCDWebServers.framework in Frameworks */,
				85CEEA41236BD19100E9F0F7 /* mamba.framework in Frameworks */,
				85CEEA4B236C1B2400E9F0F7 /* Tiercel.framework in Frameworks */,
			);
			runOnlyForDeploymentPostprocessing = 0;
		};
/* End PBXFrameworksBuildPhase section */

/* Begin PBXGroup section */
		85CEEA10236BB99500E9F0F7 = {
			isa = PBXGroup;
			children = (
				85CEEA1B236BB99500E9F0F7 /* hls-downloader */,
				85CEEA1A236BB99500E9F0F7 /* Products */,
				85CEEA3F236BD19100E9F0F7 /* Frameworks */,
			);
			sourceTree = "<group>";
		};
		85CEEA1A236BB99500E9F0F7 /* Products */ = {
			isa = PBXGroup;
			children = (
				85CEEA19236BB99500E9F0F7 /* hls-downloader.app */,
			);
			name = Products;
			sourceTree = "<group>";
		};
		85CEEA1B236BB99500E9F0F7 /* hls-downloader */ = {
			isa = PBXGroup;
			children = (
				85CEEA30236BCBD500E9F0F7 /* Classes */,
				85CEEA1C236BB99500E9F0F7 /* AppDelegate.swift */,
				85CEEA1E236BB99500E9F0F7 /* SceneDelegate.swift */,
				85CEEA20236BB99500E9F0F7 /* ContentView.swift */,
				85CEEA22236BB99600E9F0F7 /* Assets.xcassets */,
				85CEEA27236BB99600E9F0F7 /* LaunchScreen.storyboard */,
				85CEEA2A236BB99600E9F0F7 /* Info.plist */,
				85CEEA24236BB99600E9F0F7 /* Preview Content */,
				85530AF5236D3A2B0083016D /* Player.swift */,
				85530AF7236D3A530083016D /* Utility.swift */,
			);
			path = "hls-downloader";
			sourceTree = "<group>";
		};
		85CEEA24236BB99600E9F0F7 /* Preview Content */ = {
			isa = PBXGroup;
			children = (
				85CEEA25236BB99600E9F0F7 /* Preview Assets.xcassets */,
			);
			path = "Preview Content";
			sourceTree = "<group>";
		};
		85CEEA30236BCBD500E9F0F7 /* Classes */ = {
			isa = PBXGroup;
			children = (
				85CEEA45236BD30700E9F0F7 /* HLSDownloader.swift */,
			);
			path = Classes;
			sourceTree = "<group>";
		};
		85CEEA3F236BD19100E9F0F7 /* Frameworks */ = {
			isa = PBXGroup;
			children = (
				85FC912F236D549200EABB51 /* GCDWebServers.framework */,
				85CEEA4A236C1B2400E9F0F7 /* Tiercel.framework */,
				85CEEA40236BD19100E9F0F7 /* mamba.framework */,
			);
			name = Frameworks;
			sourceTree = "<group>";
		};
/* End PBXGroup section */

/* Begin PBXNativeTarget section */
		85CEEA18236BB99500E9F0F7 /* hls-downloader */ = {
			isa = PBXNativeTarget;
			buildConfigurationList = 85CEEA2D236BB99600E9F0F7 /* Build configuration list for PBXNativeTarget "hls-downloader" */;
			buildPhases = (
				85CEEA15236BB99500E9F0F7 /* Sources */,
				85CEEA16236BB99500E9F0F7 /* Frameworks */,
				85CEEA17236BB99500E9F0F7 /* Resources */,
				85CEEA43236BD19100E9F0F7 /* Embed Frameworks */,
				85CEEA44236BD1B300E9F0F7 /* Carthage */,
			);
			buildRules = (
			);
			dependencies = (
			);
			name = "hls-downloader";
			productName = "hls-downloader";
			productReference = 85CEEA19236BB99500E9F0F7 /* hls-downloader.app */;
			productType = "com.apple.product-type.application";
		};
/* End PBXNativeTarget section */

/* Begin PBXProject section */
		85CEEA11236BB99500E9F0F7 /* Project object */ = {
			isa = PBXProject;
			attributes = {
				LastSwiftUpdateCheck = 1110;
				LastUpgradeCheck = 1110;
				ORGANIZATIONNAME = illegal;
				TargetAttributes = {
					85CEEA18236BB99500E9F0F7 = {
						CreatedOnToolsVersion = 11.1;
					};
				};
			};
			buildConfigurationList = 85CEEA14236BB99500E9F0F7 /* Build configuration list for PBXProject "hls-downloader" */;
			compatibilityVersion = "Xcode 9.3";
			developmentRegion = en;
			hasScannedForEncodings = 0;
			knownRegions = (
				en,
				Base,
			);
			mainGroup = 85CEEA10236BB99500E9F0F7;
			productRefGroup = 85CEEA1A236BB99500E9F0F7 /* Products */;
			projectDirPath = "";
			projectRoot = "";
			targets = (
				85CEEA18236BB99500E9F0F7 /* hls-downloader */,
			);
		};
/* End PBXProject section */

/* Begin PBXResourcesBuildPhase section */
		85CEEA17236BB99500E9F0F7 /* Resources */ = {
			isa = PBXResourcesBuildPhase;
			buildActionMask = 2147483647;
			files = (
				85CEEA29236BB99600E9F0F7 /* LaunchScreen.storyboard in Resources */,
				85CEEA26236BB99600E9F0F7 /* Preview Assets.xcassets in Resources */,
				85CEEA23236BB99600E9F0F7 /* Assets.xcassets in Resources */,
			);
			runOnlyForDeploymentPostprocessing = 0;
		};
/* End PBXResourcesBuildPhase section */

/* Begin PBXShellScriptBuildPhase section */
		85CEEA44236BD1B300E9F0F7 /* Carthage */ = {
			isa = PBXShellScriptBuildPhase;
			buildActionMask = 2147483647;
			files = (
			);
			inputFileListPaths = (
			);
			inputPaths = (
				"$(SRCROOT)/Carthage/Build/iOS/mamba.framework",
				"$(SRCROOT)/Carthage/Build/iOS/Tiercel.framework",
				"$(SRCROOT)/Carthage/Build/iOS/GCDWebServers.framework",
			);
			name = Carthage;
			outputFileListPaths = (
			);
			outputPaths = (
			);
			runOnlyForDeploymentPostprocessing = 0;
			shellPath = /bin/sh;
			shellScript = "/usr/local/bin/carthage copy-frameworks\n";
		};
/* End PBXShellScriptBuildPhase section */

/* Begin PBXSourcesBuildPhase section */
		85CEEA15236BB99500E9F0F7 /* Sources */ = {
			isa = PBXSourcesBuildPhase;
			buildActionMask = 2147483647;
			files = (
				85CEEA46236BD30700E9F0F7 /* HLSDownloader.swift in Sources */,
				85CEEA1D236BB99500E9F0F7 /* AppDelegate.swift in Sources */,
				85530AF8236D3A530083016D /* Utility.swift in Sources */,
				85CEEA1F236BB99500E9F0F7 /* SceneDelegate.swift in Sources */,
				85530AF6236D3A2B0083016D /* Player.swift in Sources */,
				85CEEA21236BB99500E9F0F7 /* ContentView.swift in Sources */,
			);
			runOnlyForDeploymentPostprocessing = 0;
		};
/* End PBXSourcesBuildPhase section */

/* Begin PBXVariantGroup section */
		85CEEA27236BB99600E9F0F7 /* LaunchScreen.storyboard */ = {
			isa = PBXVariantGroup;
			children = (
				85CEEA28236BB99600E9F0F7 /* Base */,
			);
			name = LaunchScreen.storyboard;
			sourceTree = "<group>";
		};
/* End PBXVariantGroup section */

/* Begin XCBuildConfiguration section */
		85CEEA2B236BB99600E9F0F7 /* Debug */ = {
			isa = XCBuildConfiguration;
			buildSettings = {
				ALWAYS_SEARCH_USER_PATHS = NO;
				CLANG_ANALYZER_NONNULL = YES;
				CLANG_ANALYZER_NUMBER_OBJECT_CONVERSION = YES_AGGRESSIVE;
				CLANG_CXX_LANGUAGE_STANDARD = "gnu++14";
				CLANG_CXX_LIBRARY = "libc++";
				CLANG_ENABLE_MODULES = YES;
				CLANG_ENABLE_OBJC_ARC = YES;
				CLANG_ENABLE_OBJC_WEAK = YES;
				CLANG_WARN_BLOCK_CAPTURE_AUTORELEASING = YES;
				CLANG_WARN_BOOL_CONVERSION = YES;
				CLANG_WARN_COMMA = YES;
				CLANG_WARN_CONSTANT_CONVERSION = YES;
				CLANG_WARN_DEPRECATED_OBJC_IMPLEMENTATIONS = YES;
				CLANG_WARN_DIRECT_OBJC_ISA_USAGE = YES_ERROR;
				CLANG_WARN_DOCUMENTATION_COMMENTS = YES;
				CLANG_WARN_EMPTY_BODY = YES;
				CLANG_WARN_ENUM_CONVERSION = YES;
				CLANG_WARN_INFINITE_RECURSION = YES;
				CLANG_WARN_INT_CONVERSION = YES;
				CLANG_WARN_NON_LITERAL_NULL_CONVERSION = YES;
				CLANG_WARN_OBJC_IMPLICIT_RETAIN_SELF = YES;
				CLANG_WARN_OBJC_LITERAL_CONVERSION = YES;
				CLANG_WARN_OBJC_ROOT_CLASS = YES_ERROR;
				CLANG_WARN_RANGE_LOOP_ANALYSIS = YES;
				CLANG_WARN_STRICT_PROTOTYPES = YES;
				CLANG_WARN_SUSPICIOUS_MOVE = YES;
				CLANG_WARN_UNGUARDED_AVAILABILITY = YES_AGGRESSIVE;
				CLANG_WARN_UNREACHABLE_CODE = YES;
				CLANG_WARN__DUPLICATE_METHOD_MATCH = YES;
				COPY_PHASE_STRIP = NO;
				DEBUG_INFORMATION_FORMAT = dwarf;
				ENABLE_STRICT_OBJC_MSGSEND = YES;
				ENABLE_TESTABILITY = YES;
				GCC_C_LANGUAGE_STANDARD = gnu11;
				GCC_DYNAMIC_NO_PIC = NO;
				GCC_NO_COMMON_BLOCKS = YES;
				GCC_OPTIMIZATION_LEVEL = 0;
				GCC_PREPROCESSOR_DEFINITIONS = (
					"DEBUG=1",
					"$(inherited)",
				);
				GCC_WARN_64_TO_32_BIT_CONVERSION = YES;
				GCC_WARN_ABOUT_RETURN_TYPE = YES_ERROR;
				GCC_WARN_UNDECLARED_SELECTOR = YES;
				GCC_WARN_UNINITIALIZED_AUTOS = YES_AGGRESSIVE;
				GCC_WARN_UNUSED_FUNCTION = YES;
				GCC_WARN_UNUSED_VARIABLE = YES;
				IPHONEOS_DEPLOYMENT_TARGET = 13.1;
				MTL_ENABLE_DEBUG_INFO = INCLUDE_SOURCE;
				MTL_FAST_MATH = YES;
				ONLY_ACTIVE_ARCH = YES;
				SDKROOT = iphoneos;
				SWIFT_ACTIVE_COMPILATION_CONDITIONS = DEBUG;
				SWIFT_OPTIMIZATION_LEVEL = "-Onone";
			};
			name = Debug;
		};
		85CEEA2C236BB99600E9F0F7 /* Release */ = {
			isa = XCBuildConfiguration;
			buildSettings = {
				ALWAYS_SEARCH_USER_PATHS = NO;
				CLANG_ANALYZER_NONNULL = YES;
				CLANG_ANALYZER_NUMBER_OBJECT_CONVERSION = YES_AGGRESSIVE;
				CLANG_CXX_LANGUAGE_STANDARD = "gnu++14";
				CLANG_CXX_LIBRARY = "libc++";
				CLANG_ENABLE_MODULES = YES;
				CLANG_ENABLE_OBJC_ARC = YES;
				CLANG_ENABLE_OBJC_WEAK = YES;
				CLANG_WARN_BLOCK_CAPTURE_AUTORELEASING = YES;
				CLANG_WARN_BOOL_CONVERSION = YES;
				CLANG_WARN_COMMA = YES;
				CLANG_WARN_CONSTANT_CONVERSION = YES;
				CLANG_WARN_DEPRECATED_OBJC_IMPLEMENTATIONS = YES;
				CLANG_WARN_DIRECT_OBJC_ISA_USAGE = YES_ERROR;
				CLANG_WARN_DOCUMENTATION_COMMENTS = YES;
				CLANG_WARN_EMPTY_BODY = YES;
				CLANG_WARN_ENUM_CONVERSION = YES;
				CLANG_WARN_INFINITE_RECURSION = YES;
				CLANG_WARN_INT_CONVERSION = YES;
				CLANG_WARN_NON_LITERAL_NULL_CONVERSION = YES;
				CLANG_WARN_OBJC_IMPLICIT_RETAIN_SELF = YES;
				CLANG_WARN_OBJC_LITERAL_CONVERSION = YES;
				CLANG_WARN_OBJC_ROOT_CLASS = YES_ERROR;
				CLANG_WARN_RANGE_LOOP_ANALYSIS = YES;
				CLANG_WARN_STRICT_PROTOTYPES = YES;
				CLANG_WARN_SUSPICIOUS_MOVE = YES;
				CLANG_WARN_UNGUARDED_AVAILABILITY = YES_AGGRESSIVE;
				CLANG_WARN_UNREACHABLE_CODE = YES;
				CLANG_WARN__DUPLICATE_METHOD_MATCH = YES;
				COPY_PHASE_STRIP = NO;
				DEBUG_INFORMATION_FORMAT = "dwarf-with-dsym";
				ENABLE_NS_ASSERTIONS = NO;
				ENABLE_STRICT_OBJC_MSGSEND = YES;
				GCC_C_LANGUAGE_STANDARD = gnu11;
				GCC_NO_COMMON_BLOCKS = YES;
				GCC_WARN_64_TO_32_BIT_CONVERSION = YES;
				GCC_WARN_ABOUT_RETURN_TYPE = YES_ERROR;
				GCC_WARN_UNDECLARED_SELECTOR = YES;
				GCC_WARN_UNINITIALIZED_AUTOS = YES_AGGRESSIVE;
				GCC_WARN_UNUSED_FUNCTION = YES;
				GCC_WARN_UNUSED_VARIABLE = YES;
				IPHONEOS_DEPLOYMENT_TARGET = 13.1;
				MTL_ENABLE_DEBUG_INFO = NO;
				MTL_FAST_MATH = YES;
				SDKROOT = iphoneos;
				SWIFT_COMPILATION_MODE = wholemodule;
				SWIFT_OPTIMIZATION_LEVEL = "-O";
				VALIDATE_PRODUCT = YES;
			};
			name = Release;
		};
		85CEEA2E236BB99600E9F0F7 /* Debug */ = {
			isa = XCBuildConfiguration;
			buildSettings = {
				ASSETCATALOG_COMPILER_APPICON_NAME = AppIcon;
				CODE_SIGN_STYLE = Automatic;
				DEVELOPMENT_ASSET_PATHS = "\"hls-downloader/Preview Content\"";
				DEVELOPMENT_TEAM = 72T2SXUWHC;
				ENABLE_PREVIEWS = YES;
				FRAMEWORK_SEARCH_PATHS = (
					"$(inherited)",
					"$(PROJECT_DIR)/Carthage/Build/iOS",
				);
				INFOPLIST_FILE = "hls-downloader/Info.plist";
				LD_RUNPATH_SEARCH_PATHS = (
					"$(inherited)",
					"@executable_path/Frameworks",
				);
				PRODUCT_BUNDLE_IDENTIFIER = "com.illegal.game.hls-downloader.hls-downloader";
				PRODUCT_NAME = "$(TARGET_NAME)";
				SWIFT_VERSION = 5.0;
				TARGETED_DEVICE_FAMILY = "1,2";
			};
			name = Debug;
		};
		85CEEA2F236BB99600E9F0F7 /* Release */ = {
			isa = XCBuildConfiguration;
			buildSettings = {
				ASSETCATALOG_COMPILER_APPICON_NAME = AppIcon;
				CODE_SIGN_STYLE = Automatic;
				DEVELOPMENT_ASSET_PATHS = "\"hls-downloader/Preview Content\"";
				DEVELOPMENT_TEAM = 72T2SXUWHC;
				ENABLE_PREVIEWS = YES;
				FRAMEWORK_SEARCH_PATHS = (
					"$(inherited)",
					"$(PROJECT_DIR)/Carthage/Build/iOS",
				);
				INFOPLIST_FILE = "hls-downloader/Info.plist";
				LD_RUNPATH_SEARCH_PATHS = (
					"$(inherited)",
					"@executable_path/Frameworks",
				);
				PRODUCT_BUNDLE_IDENTIFIER = "com.illegal.game.hls-downloader.hls-downloader";
				PRODUCT_NAME = "$(TARGET_NAME)";
				SWIFT_VERSION = 5.0;
				TARGETED_DEVICE_FAMILY = "1,2";
			};
			name = Release;
		};
/* End XCBuildConfiguration section */

/* Begin XCConfigurationList section */
		85CEEA14236BB99500E9F0F7 /* Build configuration list for PBXProject "hls-downloader" */ = {
			isa = XCConfigurationList;
			buildConfigurations = (
				85CEEA2B236BB99600E9F0F7 /* Debug */,
				85CEEA2C236BB99600E9F0F7 /* Release */,
			);
			defaultConfigurationIsVisible = 0;
			defaultConfigurationName = Release;
		};
		85CEEA2D236BB99600E9F0F7 /* Build configuration list for PBXNativeTarget "hls-downloader" */ = {
			isa = XCConfigurationList;
			buildConfigurations = (
				85CEEA2E236BB99600E9F0F7 /* Debug */,
				85CEEA2F236BB99600E9F0F7 /* Release */,
			);
			defaultConfigurationIsVisible = 0;
			defaultConfigurationName = Release;
		};
/* End XCConfigurationList section */
	};
	rootObject = 85CEEA11236BB99500E9F0F7 /* Project object */;
}
